<?xml version="1.0" encoding="UTF-8" standalone="yes" ?>
<CodeBlocks_project_file>
   <FileVersion major="1" minor="6" />
   <Project>
      <Option title="DXMPP" />
      <Option makefile_is_custom="1" />
      <Option compiler="gcc" />
      <Option virtualFolders="CMake Files\;CMake Files\DXMPP\;CMake Files\Examples\;CMake Files\pugixml\;" />
      <Build>
      <Target title="all">
         <Option working_dir="/home/stefan/src/dxmpp/DXMPP" />
         <Option type="4" />
         <MakeCommands>
            <Build command="/usr/bin/gmake -f &quot;/home/stefan/src/dxmpp/DXMPP/Makefile&quot;  VERBOSE=1 all" />
            <CompileFile command="/usr/bin/gmake -f &quot;/home/stefan/src/dxmpp/DXMPP/Makefile&quot;  VERBOSE=1 &quot;$file&quot;" />
            <Clean command="/usr/bin/gmake -f &quot;/home/stefan/src/dxmpp/DXMPP/Makefile&quot;  VERBOSE=1 clean" />
            <DistClean command="/usr/bin/gmake -f &quot;/home/stefan/src/dxmpp/DXMPP/Makefile&quot;  VERBOSE=1 clean" />
         </MakeCommands>
      </Target>
      <Target title="dxmpp">
         <Option output="/home/stefan/src/dxmpp/DXMPP/libdxmpp.a" prefix_auto="0" extension_auto="0" />
         <Option working_dir="/home/stefan/src/dxmpp/DXMPP" />
         <Option object_output="./" />
         <Option type="2" />
         <Option compiler="gcc" />
         <Compiler>
            <Add directory="/home/stefan/src/dxmpp/$(PROJECT_SOURCE_DIR)" />
            <Add directory="/home/stefan/src/nativethirdparty/include" />
         </Compiler>
         <MakeCommands>
            <Build command="/usr/bin/gmake -f &quot;/home/stefan/src/dxmpp/DXMPP/Makefile&quot;  VERBOSE=1 dxmpp" />
            <CompileFile command="/usr/bin/gmake -f &quot;/home/stefan/src/dxmpp/DXMPP/Makefile&quot;  VERBOSE=1 &quot;$file&quot;" />
            <Clean command="/usr/bin/gmake -f &quot;/home/stefan/src/dxmpp/DXMPP/Makefile&quot;  VERBOSE=1 clean" />
            <DistClean command="/usr/bin/gmake -f &quot;/home/stefan/src/dxmpp/DXMPP/Makefile&quot;  VERBOSE=1 clean" />
         </MakeCommands>
      </Target>
      <Target title="dxmpp/fast">
         <Option output="/home/stefan/src/dxmpp/DXMPP/libdxmpp.a" prefix_auto="0" extension_auto="0" />
         <Option working_dir="/home/stefan/src/dxmpp/DXMPP" />
         <Option object_output="./" />
         <Option type="2" />
         <Option compiler="gcc" />
         <Compiler>
            <Add directory="/home/stefan/src/dxmpp/$(PROJECT_SOURCE_DIR)" />
            <Add directory="/home/stefan/src/nativethirdparty/include" />
         </Compiler>
         <MakeCommands>
            <Build command="/usr/bin/gmake -f &quot;/home/stefan/src/dxmpp/DXMPP/Makefile&quot;  VERBOSE=1 dxmpp/fast" />
            <CompileFile command="/usr/bin/gmake -f &quot;/home/stefan/src/dxmpp/DXMPP/Makefile&quot;  VERBOSE=1 &quot;$file&quot;" />
            <Clean command="/usr/bin/gmake -f &quot;/home/stefan/src/dxmpp/DXMPP/Makefile&quot;  VERBOSE=1 clean" />
            <DistClean command="/usr/bin/gmake -f &quot;/home/stefan/src/dxmpp/DXMPP/Makefile&quot;  VERBOSE=1 clean" />
         </MakeCommands>
      </Target>
      </Build>
      <Unit filename="/home/stefan/src/dxmpp/DXMPP/Connection.cpp">
      </Unit>
      <Unit filename="/home/stefan/src/dxmpp/DXMPP/Network/AsyncTCPXMLClient.cpp">
      </Unit>
      <Unit filename="/home/stefan/src/dxmpp/DXMPP/Roster.cpp">
      </Unit>
      <Unit filename="/home/stefan/src/dxmpp/DXMPP/SASL/SASLMechanism.cpp">
      </Unit>
      <Unit filename="/home/stefan/src/dxmpp/DXMPP/SASL/SASLMechanism_DIGEST_MD5.cpp">
      </Unit>
      <Unit filename="/home/stefan/src/dxmpp/DXMPP/SASL/SASLMechanism_PLAIN.cpp">
      </Unit>
      <Unit filename="/home/stefan/src/dxmpp/DXMPP/SASL/SASLMechanism_SCRAM_SHA1.cpp">
      </Unit>
      <Unit filename="/home/stefan/src/dxmpp/DXMPP/SASL/SaslChallengeParser.cpp">
      </Unit>
      <Unit filename="/home/stefan/src/dxmpp/DXMPP/Connection.hpp">
      </Unit>
      <Unit filename="/home/stefan/src/dxmpp/DXMPP/ConnectionCallback.hpp">
      </Unit>
      <Unit filename="/home/stefan/src/dxmpp/DXMPP/Debug/DebugOutputTreshold.hpp">
      </Unit>
      <Unit filename="/home/stefan/src/dxmpp/DXMPP/IEventHandler.hpp">
      </Unit>
      <Unit filename="/home/stefan/src/dxmpp/DXMPP/JID.hpp">
      </Unit>
      <Unit filename="/home/stefan/src/dxmpp/DXMPP/Network/AsyncTCPXMLClient.hpp">
      </Unit>
      <Unit filename="/home/stefan/src/dxmpp/DXMPP/Roster.hpp">
      </Unit>
      <Unit filename="/home/stefan/src/dxmpp/DXMPP/SASL/SASLMechanism.hpp">
      </Unit>
      <Unit filename="/home/stefan/src/dxmpp/DXMPP/SASL/SASLMechanism_DIGEST_MD5.hpp">
      </Unit>
      <Unit filename="/home/stefan/src/dxmpp/DXMPP/SASL/SASLMechanism_PLAIN.hpp">
      </Unit>
      <Unit filename="/home/stefan/src/dxmpp/DXMPP/SASL/SASLMechanism_SCRAM_SHA1.hpp">
      </Unit>
      <Unit filename="/home/stefan/src/dxmpp/DXMPP/SASL/SaslChallengeParser.hpp">
      </Unit>
      <Unit filename="/home/stefan/src/dxmpp/DXMPP/Stanza.hpp">
      </Unit>
      <Unit filename="/home/stefan/src/dxmpp/DXMPP/StanzaCallback.hpp">
      </Unit>
      <Unit filename="/home/stefan/src/dxmpp/DXMPP/TLSVerification.hpp">
      </Unit>
      <Unit filename="/home/stefan/src/dxmpp/CMakeLists.txt">
          <Option virtualFolder="CMake Files\" />
      </Unit>
      <Unit filename="/home/stefan/src/dxmpp/DXMPP/CMakeLists.txt">
          <Option virtualFolder="CMake Files\DXMPP\" />
      </Unit>
      <Unit filename="/home/stefan/src/dxmpp/DXMPP/CMakeLists.txt">
          <Option virtualFolder="CMake Files\DXMPP\" />
      </Unit>
      <Unit filename="/home/stefan/src/dxmpp/Examples/CMakeLists.txt">
          <Option virtualFolder="CMake Files\Examples\" />
      </Unit>
      <Unit filename="/home/stefan/src/dxmpp/Examples/CMakeLists.txt">
          <Option virtualFolder="CMake Files\Examples\" />
      </Unit>
      <Unit filename="/home/stefan/src/dxmpp/pugixml/CMakeLists.txt">
          <Option virtualFolder="CMake Files\pugixml\" />
      </Unit>
      <Unit filename="/home/stefan/src/dxmpp/pugixml/CMakeLists.txt">
          <Option virtualFolder="CMake Files\pugixml\" />
      </Unit>
   </Project>
</CodeBlocks_project_file>
